version = 1
revision = 3
requires-python = ">=3.14"

[[package]]
name = "aiosqlite"
version = "0.22.1"
source = { registry = "https://pypi.org/simple" }
sdist = { url = "https://files.pythonhosted.org/packages/4e/8a/64761f4005f17809769d23e518d915db74e6310474e733e3593cfc854ef1/aiosqlite-0.22.1.tar.gz", hash = "sha256:043e0bd78d32888c0a9ca90fc788b38796843360c855a7262a532813133a0650", size = 14821, upload-time = "2025-12-23T19:25:43.997Z" }
wheels = [
    { url = "https://files.pythonhosted.org/packages/00/b7/e3bf5133d697a08128598c8d0abc5e16377b51465a33756de24fa7dee953/aiosqlite-0.22.1-py3-none-any.whl", hash = "sha256:21c002eb13823fad740196c5a2e9d8e62f6243bd9e7e4a1f87fb5e44ecb4fceb", size = 17405, upload-time = "2025-12-23T19:25:42.139Z" },
]

[[package]]
name = "annotated-types"
version = "0.7.0"
source = { registry = "https://pypi.org/simple" }
sdist = { url = "https://files.pythonhosted.org/packages/ee/67/531ea369ba64dcff5ec9c3402f9f51bf748cec26dde048a2f973a4eea7f5/annotated_types-0.7.0.tar.gz", hash = "sha256:aff07c09a53a08bc8cfccb9c85b05f1aa9a2a6f23728d790723543408344ce89", size = 16081, upload-time = "2024-05-20T21:33:25.928Z" }
wheels = [
    { url = "https://files.pythonhosted.org/packages/78/b6/6307fbef88d9b5ee7421e68d78a9f162e0da4900bc5f5793f6d3d0e34fb8/annotated_types-0.7.0-py3-none-any.whl", hash = "sha256:1f02e8b43a8fbbc3f3e0d4f0f4bfc8131bcb4eebe8849b8e5c773f3a1c582a53", size = 13643, upload-time = "2024-05-20T21:33:24.1Z" },
]

[[package]]
name = "anyio"
version = "4.14.1"
source = { registry = "https://pypi.org/simple" }
dependencies = [
    { name = "idna" },
]
sdist = { url = "https://files.pythonhosted.org/packages/3b/72/5562aabb8dd7181e8e860622a38bea08d17842b99ecd4c91f84ac95251b0/anyio-4.14.1.tar.gz", hash = "sha256:8d648a3544c1a700e3ff78615cd679e4c5c3f149904287e73687b2596963629e", size = 254831, upload-time = "2026-06-24T20:56:06.017Z" }
wheels = [
    { url = "https://files.pythonhosted.org/packages/b0/7b/90df4a0a816d98d6ea26f559d87836d494a2cf1fcf063be67df50a7bcc30/anyio-4.14.1-py3-none-any.whl", hash = "sha256:4e5533c5b8ff0a24f5d7a176cbe6877129cd183893f66b537f8f227d10527d72", size = 124875, upload-time = "2026-06-24T20:56:04.413Z" },
]

[[package]]
name = "ayafileio"
version = "1.4.7"
source = { registry = "https://pypi.org/simple" }
wheels = [
    { url = "https://files.pythonhosted.org/packages/f2/c1/d7328d97774f2874d9fdd14d52256fd7d63f0bc0d1ae270c035c3950044a/ayafileio-1.4.7-cp314-cp314-macosx_13_0_arm64.whl", hash = "sha256:13b1dd74831fe69390327ec99c117127adb4b0d930e58cb00ff6dcbd55a6f20f", size = 88044, upload-time = "2026-07-01T13:48:38.308Z" },
    { url = "https://files.pythonhosted.org/packages/f9/43/79f4a27d8a555e44815f59ffd4d1757dd8ac4a637f1b8f1c27ad0ee06442/ayafileio-1.4.7-cp314-cp314-macosx_13_0_universal2.whl", hash = "sha256:4989150fbdaa93cefa6659615122035de06b8e09309f221932a7be796f9996cb", size = 159598, upload-time = "2026-07-01T13:48:40.739Z" },
    { url = "https://files.pythonhosted.org/packages/11/94/6fafd8a0585f412f22facab1f309450df6fb78b39c337d58ba77556cba20/ayafileio-1.4.7-cp314-cp314-macosx_13_0_x86_64.whl", hash = "sha256:99fdfe05217c9b66b355818b97327fbb8f54df19ed55d2e61e219a7b3814f863", size = 91987, upload-time = "2026-07-01T13:48:41.914Z" },
    { url = "https://files.pythonhosted.org/packages/4b/32/8631c11abc89e63b2015fb8efd10e0d09f31a4c26824c3c86c50b637125d/ayafileio-1.4.7-cp314-cp314-manylinux_2_26_aarch64.manylinux_2_28_aarch64.whl", hash = "sha256:8df0f14db8954c796ce5b140f0417152f54338e832fd28d463abd8e3a8061591", size = 120135, upload-time = "2026-07-01T13:48:42.98Z" },
    { url = "https://files.pythonhosted.org/packages/a2/90/3b436647c410bcf0adae9042dd2d7135dc0398596dc6c83b1d09cb1b2617/ayafileio-1.4.7-cp314-cp314-manylinux_2_27_x86_64.manylinux_2_28_x86_64.whl", hash = "sha256:b03eea9aea7b53997f54a2542f96ab4ce425f6cf060a04fe3c1d9f19331c5e7c", size = 126732, upload-time = "2026-07-01T13:48:44.134Z" },
    { url = "https://files.pythonhosted.org/packages/5e/f0/bfc4a5855ae81e997464b90bed63ed4d32ec2ab7b071a8969cdf003f14f2/ayafileio-1.4.7-cp314-cp314-manylinux_2_39_riscv64.whl", hash = "sha256:2e4882b279094be85816a75283ae8fc78e1e9589a816bc65a9dfebd44c92a169", size = 129280, upload-time = "2026-07-01T13:48:45.292Z" },
    { url = "https://files.pythonhosted.org/packages/e3/bf/a5f334e848dd2cc705b9fce0cadff36b33820c9787be8689dfbd9f167baf/ayafileio-1.4.7-cp314-cp314-win32.whl", hash = "sha256:e113e9dbc8e112d4deb7a2a586ed4d0d348643dd91df1ca54955fa8c748c90be", size = 97150, upload-time = "2026-07-01T13:48:46.375Z" },
    { url = "https://files.pythonhosted.org/packages/f2/b5/a96983ee193afafcf533dce2cb143dc13082f7204e86fc890fa24ae5f987/ayafileio-1.4.7-cp314-cp314-win_amd64.whl", hash = "sha256:d9e76f26309ef3889b7a471f3aa7f0bf0219d3aa4166d2263c5040aed0226344", size = 105967, upload-time = "2026-07-01T13:48:47.566Z" },
    { url = "https://files.pythonhosted.org/packages/81/b5/f72516ddc0e62f1c1d00599d3b6bf4bcb2e445d8f1b0fcda82748680b7f5/ayafileio-1.4.7-cp314-cp314t-macosx_13_0_arm64.whl", hash = "sha256:e34879508658cb93fbb0566b107092c14946f6bbaf05e0bf7fafc2acf9ef8900", size = 89721, upload-time = "2026-07-01T13:48:49.059Z" },
    { url = "https://files.pythonhosted.org/packages/08/6d/ee9cd42f255f730b7ae59a5bb24128095931aaeaac3bba0adfa48d1cd51f/ayafileio-1.4.7-cp314-cp314t-macosx_13_0_universal2.whl", hash = "sha256:b80a01c186b74fd75753fdc9c309a2317055b426225371283c7b134fff8e2be2", size = 163138, upload-time = "2026-07-01T13:48:50.131Z" },
    { url = "https://files.pythonhosted.org/packages/2b/c8/fd28ae273689dcf434c7bb2c67707ae9c00ae3dee354552352901711d889/ayafileio-1.4.7-cp314-cp314t-macosx_13_0_x86_64.whl", hash = "sha256:a0b325466db8c12dc5f17cda471eb48597c7026af9dacc49e079cc30935fc752", size = 93791, upload-time = "2026-07-01T13:48:51.161Z" },
    { url = "https://files.pythonhosted.org/packages/fd/8e/466be929e092adf375cadba3085bab6bd94208f187898f367dad5a2c93ab/ayafileio-1.4.7-cp314-cp314t-manylinux_2_26_aarch64.manylinux_2_28_aarch64.whl", hash = "sha256:bc194e2ea824f0beb2f63e025de2d49af763f1558ea9a6ff390ec1e134d6e7b4", size = 122232, upload-time = "2026-07-01T13:48:52.216Z" },
    { url = "https://files.pythonhosted.org/packages/a7/36/1d586df39f1e1b60bb048ea71b7c33f25d268d6c36cafa16b5a888d718ce/ayafileio-1.4.7-cp314-cp314t-manylinux_2_27_x86_64.manylinux_2_28_x86_64.whl", hash = "sha256:4a4fdec03cf65234d6ee405f747b90a4dc9ed436bb39395cab3f3b0f2bf00de2", size = 129055, upload-time = "2026-07-01T13:48:53.321Z" },
    { url = "https://files.pythonhosted.org/packages/96/5b/a7717e4b00daadcb40ed11cc70c08fd2bc3c1214bf45ac1128065f79b857/ayafileio-1.4.7-cp314-cp314t-manylinux_2_39_riscv64.whl", hash = "sha256:407d07c896babe2dcf7327cb3a1cfd7a89f34f9f3ae5354bd15d3ef8f07dfda7", size = 132656, upload-time = "2026-07-01T13:48:54.635Z" },
    { url = "https://files.pythonhosted.org/packages/5b/fb/6eb538bdafcdb18b887992e79732441f1d62ed0f091ab5bcd4846cd208a0/ayafileio-1.4.7-cp314-cp314t-win32.whl", hash = "sha256:bae713cb3f384332007c6f3ad0e222c0a02ac706be8f463d69295d58b73ac343", size = 97562, upload-time = "2026-07-01T13:48:55.892Z" },
    { url = "https://files.pythonhosted.org/packages/2b/0b/e3b74ffad7b57d7659cda2e83e240f6462e52bdf138a60a7e76cbcba444e/ayafileio-1.4.7-cp314-cp314t-win_amd64.whl", hash = "sha256:168c381d2d740de9d7982b7e7c766c2d17ab87f8e1c92e94f37c44839761e4d6", size = 107882, upload-time = "2026-07-01T13:48:57Z" },
]

[[package]]
name = "certifi"
version = "2026.6.17"
source = { registry = "https://pypi.org/simple" }
sdist = { url = "https://files.pythonhosted.org/packages/c9/c7/424b75da314c1045981bd9777432fad05a9e0c69daa4ed7e308bbaffe405/certifi-2026.6.17.tar.gz", hash = "sha256:024c88eeec92ca068db80f02b8b07c9cef7b9fe261d1d535abfd5abd6f6af432", size = 134594, upload-time = "2026-06-17T10:31:07.894Z" }
wheels = [
    { url = "https://files.pythonhosted.org/packages/ef/2f/c5464532e965badff2f4c4c1a3a83f5697f0d7c407ed0cda44aaa99bb451/certifi-2026.6.17-py3-none-any.whl", hash = "sha256:2227dcbaafe0d2f59279d1762ddddc37783ed4354594f194ffc31d20f41fc3db", size = 133289, upload-time = "2026-06-17T10:31:06.348Z" },
]

[[package]]
name = "colorama"
version = "0.4.6"
source = { registry = "https://pypi.org/simple" }
sdist = { url = "https://files.pythonhosted.org/packages/d8/53/6f443c9a4a8358a93a6792e2acffb9d9d5cb0a5cfd8802644b7b1c9a02e4/colorama-0.4.6.tar.gz", hash = "sha256:08695f5cb7ed6e0531a20572697297273c47b8cae5a63ffc6d6ed5c201be6e44", size = 27697, upload-time = "2022-10-25T02:36:22.414Z" }
wheels = [
    { url = "https://files.pythonhosted.org/packages/d1/d6/3965ed04c63042e047cb6a3e6ed1a63a35087b6a609aa3a15ed8ac56c221/colorama-0.4.6-py2.py3-none-any.whl", hash = "sha256:4f1d9991f5acc0ca119f9d443620b77f9d6b33703e51011c16baf57afb285fc6", size = 25335, upload-time = "2022-10-25T02:36:20.889Z" },
]

[[package]]
name = "cos-ftp"
version = "0.1.0"
source = { virtual = "." }
dependencies = [
    { name = "aiosqlite" },
    { name = "anyio" },
    { name = "ayafileio" },
    { name = "httpx", extra = ["http2"] },
    { name = "loguru" },
    { name = "pydantic" },
]

[package.dev-dependencies]
dev = [
    { name = "ty" },
]

[package.metadata]
requires-dist = [
    { name = "aiosqlite", specifier = ">=0.22.1" },
    { name = "anyio", specifier = ">=4.14.1" },
    { name = "ayafileio", specifier = ">=1.4.7" },
    { name = "httpx", extras = ["http2"], specifier = ">=0.28.1" },
    { name = "loguru", specifier = ">=0.7.3" },
    { name = "pydantic", specifier = ">=2.13.4" },
]

[package.metadata.requires-dev]
dev = [{ name = "ty", specifier = ">=0.0.56" }]

[[package]]
name = "h11"
version = "0.16.0"
source = { registry = "https://pypi.org/simple" }
sdist = { url = "https://files.pythonhosted.org/packages/01/ee/02a2c011bdab74c6fb3c75474d40b3052059d95df7e73351460c8588d963/h11-0.16.0.tar.gz", hash = "sha256:4e35b956cf45792e4caa5885e69fba00bdbc6ffafbfa020300e549b208ee5ff1", size = 101250, upload-time = "2025-04-24T03:35:25.427Z" }
wheels = [
    { url = "https://files.pythonhosted.org/packages/04/4b/29cac41a4d98d144bf5f6d33995617b185d14b22401f75ca86f384e87ff1/h11-0.16.0-py3-none-any.whl", hash = "sha256:63cf8bbe7522de3bf65932fda1d9c2772064ffb3dae62d55932da54b31cb6c86", size = 37515, upload-time = "2025-04-24T03:35:24.344Z" },
]

[[package]]
name = "h2"
version = "4.3.0"
source = { registry = "https://pypi.org/simple" }
dependencies = [
    { name = "hpack" },
    { name = "hyperframe" },
]
sdist = { url = "https://files.pythonhosted.org/packages/1d/17/afa56379f94ad0fe8defd37d6eb3f89a25404ffc71d4d848893d270325fc/h2-4.3.0.tar.gz", hash = "sha256:6c59efe4323fa18b47a632221a1888bd7fde6249819beda254aeca909f221bf1", size = 2152026, upload-time = "2025-08-23T18:12:19.778Z" }
wheels = [
    { url = "https://files.pythonhosted.org/packages/69/b2/119f6e6dcbd96f9069ce9a2665e0146588dc9f88f29549711853645e736a/h2-4.3.0-py3-none-any.whl", hash = "sha256:c438f029a25f7945c69e0ccf0fb951dc3f73a5f6412981daee861431b70e2bdd", size = 61779, upload-time = "2025-08-23T18:12:17.779Z" },
]

[[package]]
name = "hpack"
version = "4.2.0"
source = { registry = "https://pypi.org/simple" }
sdist = { url = "https://files.pythonhosted.org/packages/26/5b/fcabf6028144a8723726318b07a32c2f3314acdff6265743cf08a344b18e/hpack-4.2.0.tar.gz", hash = "sha256:0895cfa3b5531fc65fe439c05eb65144f123bf7a394fcaa56aa423548d8e45c0", size = 51300, upload-time = "2026-06-23T18:34:46.667Z" }
wheels = [
    { url = "https://files.pythonhosted.org/packages/71/b4/4a9fcfb2aef6ba44d9073ecd301443aa00b3dac95de5619f2a7de7ec8a91/hpack-4.2.0-py3-none-any.whl", hash = "sha256:858ac0b02280fa582b5080d68db0899c62a80375e0e5413a74970c5e518b6986", size = 34246, upload-time = "2026-06-23T18:34:45.472Z" },
]

[[package]]
name = "httpcore"
version = "1.0.9"
source = { registry = "https://pypi.org/simple" }
dependencies = [
    { name = "certifi" },
    { name = "h11" },
]
sdist = { url = "https://files.pythonhosted.org/packages/06/94/82699a10bca87a5556c9c59b5963f2d039dbd239f25bc2a63907a05a14cb/httpcore-1.0.9.tar.gz", hash = "sha256:6e34463af53fd2ab5d807f399a9b45ea31c3dfa2276f15a2c3f00afff6e176e8", size = 85484, upload-time = "2025-04-24T22:06:22.219Z" }
wheels = [
    { url = "https://files.pythonhosted.org/packages/7e/f5/f66802a942d491edb555dd61e3a9961140fd64c90bce1eafd741609d334d/httpcore-1.0.9-py3-none-any.whl", hash = "sha256:2d400746a40668fc9dec9810239072b40b4484b640a8c38fd654a024c7a1bf55", size = 78784, upload-time = "2025-04-24T22:06:20.566Z" },
]

[[package]]
name = "httpx"
version = "0.28.1"
source = { registry = "https://pypi.org/simple" }
dependencies = [
    { name = "anyio" },
    { name = "certifi" },
    { name = "httpcore" },
    { name = "idna" },
]
sdist = { url = "https://files.pythonhosted.org/packages/b1/df/48c586a5fe32a0f01324ee087459e112ebb7224f646c0b5023f5e79e9956/httpx-0.28.1.tar.gz", hash = "sha256:75e98c5f16b0f35b567856f597f06ff2270a374470a5c2392242528e3e3e42fc", size = 141406, upload-time = "2024-12-06T15:37:23.222Z" }
wheels = [
    { url = "https://files.pythonhosted.org/packages/2a/39/e50c7c3a983047577ee07d2a9e53faf5a69493943ec3f6a384bdc792deb2/httpx-0.28.1-py3-none-any.whl", hash = "sha256:d909fcccc110f8c7faf814ca82a9a4d816bc5a6dbfea25d6591d6985b8ba59ad", size = 73517, upload-time = "2024-12-06T15:37:21.509Z" },
]

[package.optional-dependencies]
http2 = [
    { name = "h2" },
]

[[package]]
name = "hyperframe"
version = "6.1.0"
source = { registry = "https://pypi.org/simple" }
sdist = { url = "https://files.pythonhosted.org/packages/02/e7/94f8232d4a74cc99514c13a9f995811485a6903d48e5d952771ef6322e30/hyperframe-6.1.0.tar.gz", hash = "sha256:f630908a00854a7adeabd6382b43923a4c4cd4b821fcb527e6ab9e15382a3b08", size = 26566, upload-time = "2025-01-22T21:41:49.302Z" }
wheels = [
    { url = "https://files.pythonhosted.org/packages/48/30/47d0bf6072f7252e6521f3447ccfa40b421b6824517f82854703d0f5a98b/hyperframe-6.1.0-py3-none-any.whl", hash = "sha256:b03380493a519fce58ea5af42e4a42317bf9bd425596f7a0835ffce80f1a42e5", size = 13007, upload-time = "2025-01-22T21:41:47.295Z" },
]

[[package]]
name = "idna"
version = "3.18"
source = { registry = "https://pypi.org/simple" }
sdist = { url = "https://files.pythonhosted.org/packages/cd/63/9496c57188a2ee585e0f1db071d75089a11e98aa86eb99d9d7618fc1edce/idna-3.18.tar.gz", hash = "sha256:ffb385a7e039654cef1ab9ef32c6fafe283c0c0467bba1d9029738ce4a14a848", size = 196711, upload-time = "2026-06-02T14:34:07.794Z" }
wheels = [
    { url = "https://files.pythonhosted.org/packages/1e/5e/d4e9f1a599fb8e573b7b87160658329fbf28d19eac2718f51fc3def3aa5a/idna-3.18-py3-none-any.whl", hash = "sha256:7f952cbe720b688055e3f87de14f5c3e5fdaa8bc3928985c4077ca689de849a2", size = 65455, upload-time = "2026-06-02T14:34:06.319Z" },
]

[[package]]
name = "loguru"
version = "0.7.3"
source = { registry = "https://pypi.org/simple" }
dependencies = [
    { name = "colorama", marker = "sys_platform == 'win32'" },
    { name = "win32-setctime", marker = "sys_platform == 'win32'" },
]
sdist = { url = "https://files.pythonhosted.org/packages/3a/05/a1dae3dffd1116099471c643b8924f5aa6524411dc6c63fdae648c4f1aca/loguru-0.7.3.tar.gz", hash = "sha256:19480589e77d47b8d85b2c827ad95d49bf31b0dcde16593892eb51dd18706eb6", size = 63559, upload-time = "2024-12-06T11:20:56.608Z" }
wheels = [
    { url = "https://files.pythonhosted.org/packages/0c/29/0348de65b8cc732daa3e33e67806420b2ae89bdce2b04af740289c5c6c8c/loguru-0.7.3-py3-none-any.whl", hash = "sha256:31a33c10c8e1e10422bfd431aeb5d351c7cf7fa671e3c4df004162264b28220c", size = 61595, upload-time = "2024-12-06T11:20:54.538Z" },
]

[[package]]
name = "pydantic"
version = "2.13.4"
source = { registry = "https://pypi.org/simple" }
dependencies = [
    { name = "annotated-types" },
    { name = "pydantic-core" },
    { name = "typing-extensions" },
    { name = "typing-inspection" },
]
sdist = { url = "https://files.pythonhosted.org/packages/18/a5/b60d21ac674192f8ab0ba4e9fd860690f9b4a6e51ca5df118733b487d8d6/pydantic-2.13.4.tar.gz", hash = "sha256:c40756b57adaa8b1efeeced5c196f3f3b7c435f90e84ea7f443901bec8099ef6", size = 844775, upload-time = "2026-05-06T13:43:05.343Z" }
wheels = [
    { url = "https://files.pythonhosted.org/packages/fd/7b/122376b1fd3c62c1ed9dc80c931ace4844b3c55407b6fb2d199377c9736f/pydantic-2.13.4-py3-none-any.whl", hash = "sha256:45a282cde31d808236fd7ea9d919b128653c8b38b393d1c4ab335c62924d9aba", size = 472262, upload-time = "2026-05-06T13:43:02.641Z" },
]

[[package]]
name = "pydantic-core"
version = "2.46.4"
source = { registry = "https://pypi.org/simple" }
dependencies = [
    { name = "typing-extensions" },
]
sdist = { url = "https://files.pythonhosted.org/packages/9d/56/921726b776ace8d8f5db44c4ef961006580d91dc52b803c489fafd1aa249/pydantic_core-2.46.4.tar.gz", hash = "sha256:62f875393d7f270851f20523dd2e29f082bcc82292d66db2b64ea71f64b6e1c1", size = 471464, upload-time = "2026-05-06T13:37:06.98Z" }
wheels = [
    { url = "https://files.pythonhosted.org/packages/8d/74/228a26ddad29c6672b805d9fd78e8d251cd04004fa7eed0e622096cd0250/pydantic_core-2.46.4-cp314-cp314-macosx_10_12_x86_64.whl", hash = "sha256:428e04521a40150c85216fc8b85e8d39fece235a9cf5e383761238c7fa9b96fb", size = 2102079, upload-time = "2026-05-06T13:38:41.019Z" },
    { url = "https://files.pythonhosted.org/packages/ad/1f/8970b150a4b4365623ae00fc88603491f763c627311ae8031e3111356d6e/pydantic_core-2.46.4-cp314-cp314-macosx_11_0_arm64.whl", hash = "sha256:23ace664830ee0bfe014a0c7bc248b1f7f25ed7ad103852c317624a1083af462", size = 1952179, upload-time = "2026-05-06T13:36:59.812Z" },
    { url = "https://files.pythonhosted.org/packages/95/30/5211a831ae054928054b2f79731661087a2bc5c01e825c672b3a4a8f1b3e/pydantic_core-2.46.4-cp314-cp314-manylinux_2_17_aarch64.manylinux2014_aarch64.whl", hash = "sha256:ce5c1d2a8b27468f433ca974829c44060b8097eedc39933e3c206a90ee49c4a9", size = 1978926, upload-time = "2026-05-06T13:37:39.933Z" },
    { url = "https://files.pythonhosted.org/packages/57/e9/689668733b1eb67adeef047db3c2e8788fcf65a7fd9c9e2b46b7744fe245/pydantic_core-2.46.4-cp314-cp314-manylinux_2_17_armv7l.manylinux2014_armv7l.whl", hash = "sha256:7283d57845ecf5a163403eb0702dfc220cc4fbdd18919cb5ccea4f95ee1cdab4", size = 2046785, upload-time = "2026-05-06T13:38:01.995Z" },
    { url = "https://files.pythonhosted.org/packages/60/d9/6715260422ff50a2109878fd24d948a6c3446bb2664f34ee78cd972b3acd/pydantic_core-2.46.4-cp314-cp314-manylinux_2_17_ppc64le.manylinux2014_ppc64le.whl", hash = "sha256:8daafc69c93ee8a0204506a3b6b30f586ef54028f52aeeeb5c4cfc5184fd5914", size = 2228733, upload-time = "2026-05-06T13:40:50.371Z" },
    { url = "https://files.pythonhosted.org/packages/18/ae/fdb2f64316afca925640f8e70bb1a564b0ec2721c1389e25b8eb4bf9a299/pydantic_core-2.46.4-cp314-cp314-manylinux_2_17_s390x.manylinux2014_s390x.whl", hash = "sha256:cd2213145bcc2ba85884d0ac63d222fece9209678f77b9b4d76f054c561adb28", size = 2307534, upload-time = "2026-05-06T13:37:21.531Z" },
    { url = "https://files.pythonhosted.org/packages/89/1d/8eff589b45bb8190a9d12c49cfad0f176a5cbd1534908a6b5125e2886239/pydantic_core-2.46.4-cp314-cp314-manylinux_2_17_x86_64.manylinux2014_x86_64.whl", hash = "sha256:7a5f930472650a82629163023e630d160863fce524c616f4e5186e5de9d9a49b", size = 2099732, upload-time = "2026-05-06T13:39:31.942Z" },
    { url = "https://files.pythonhosted.org/packages/06/d5/ee5a3366637fee41dee51a1fc91562dcf12ddbc68fda34e6b253da2324bb/pydantic_core-2.46.4-cp314-cp314-manylinux_2_31_riscv64.whl", hash = "sha256:c1b3f518abeca3aa13c712fd202306e145abf59a18b094a6bafb2d2bbf59192c", size = 2129627, upload-time = "2026-05-06T13:37:25.033Z" },
    { url = "https://files.pythonhosted.org/packages/94/33/2414be571d2c6a6c4d08be21f9292b6d3fdb08949a97b6dfe985017821db/pydantic_core-2.46.4-cp314-cp314-manylinux_2_5_i686.manylinux1_i686.whl", hash = "sha256:1a7dd0b3ee80d90150e3495a3a13ac34dbcbfd4f012996a6a1d8900e91b5c0fb", size = 2179141, upload-time = "2026-05-06T13:37:14.046Z" },
    { url = "https://files.pythonhosted.org/packages/7b/79/7daa95be995be0eecc4cf75064cb33f9bbbfe3fe0158caf2f0d4a996a5c7/pydantic_core-2.46.4-cp314-cp314-musllinux_1_1_aarch64.whl", hash = "sha256:3fb702cd90b0446a3a1c5e470bfa0dd23c0233b676a9099ddcc964fa6ca13898", size = 2184325, upload-time = "2026-05-06T13:36:53.615Z" },
    { url = "https://files.pythonhosted.org/packages/9f/cb/d0a382f5c0de8a222dc61c65348e0ce831b1f68e0a018450d31c2cace3a5/pydantic_core-2.46.4-cp314-cp314-musllinux_1_1_armv7l.whl", hash = "sha256:b8458003118a712e66286df6a707db01c52c0f52f7db8e4a38f0da1d3b94fc4e", size = 2323990, upload-time = "2026-05-06T13:40:29.971Z" },
    { url = "https://files.pythonhosted.org/packages/05/db/d9ba624cc4a5aced1598e88c04fdbd8310c8a69b9d38b9a3d39ce3a61ed7/pydantic_core-2.46.4-cp314-cp314-musllinux_1_1_x86_64.whl", hash = "sha256:372429a130e469c9cd698925ce5fc50940b7a1336b0d82038e63d5bbc4edc519", size = 2369978, upload-time = "2026-05-06T13:37:23.027Z" },
    { url = "https://files.pythonhosted.org/packages/f2/20/d15df15ba918c423461905802bfd2981c3af0bfa0e40d05e13edbfa48bc3/pydantic_core-2.46.4-cp314-cp314-win32.whl", hash = "sha256:85bb3611ff1802f3ee7fdd7dbff26b56f343fb432d57a4728fdd49b6ef35e2f4", size = 1966354, upload-time = "2026-05-06T13:38:03.499Z" },
    { url = "https://files.pythonhosted.org/packages/fc/b6/6b8de4c0a7d7ab3004c439c80c5c1e0a3e8d78bbae19379b01960383d9e5/pydantic_core-2.46.4-cp314-cp314-win_amd64.whl", hash = "sha256:811ff8e9c313ab425368bcbb36e5c4ebd7108c2bbf4e4089cfbb0b01eff63fac", size = 2072238, upload-time = "2026-05-06T13:39:40.807Z" },
    { url = "https://files.pythonhosted.org/packages/32/36/51eb763beec1f4cf59b1db243a7dcc39cbb41230f050a09b9d69faaf0a48/pydantic_core-2.46.4-cp314-cp314-win_arm64.whl", hash = "sha256:bfec22eab3c8cc2ceec0248aec886624116dc079afa027ecc8ad4a7e62010f8a", size = 2018251, upload-time = "2026-05-06T13:37:26.72Z" },
    { url = "https://files.pythonhosted.org/packages/e8/91/855af51d625b23aa987116a19e231d2aaef9c4a415273ddc189b79a45fee/pydantic_core-2.46.4-cp314-cp314t-macosx_10_12_x86_64.whl", hash = "sha256:af8244b2bef6aaad6d92cda81372de7f8c8d36c9f0c3ea36e827c60e7d9467a0", size = 2099593, upload-time = "2026-05-06T13:39:47.682Z" },
    { url = "https://files.pythonhosted.org/packages/fb/1b/8784a54c65edb5f49f0a14d6977cf1b209bba85a4c77445b255c2de58ab3/pydantic_core-2.46.4-cp314-cp314t-macosx_11_0_arm64.whl", hash = "sha256:5a4330cdbc57162e4b3aa303f588ba752257694c9c9be3e7ebb11b4aca659b5d", size = 1935226, upload-time = "2026-05-06T13:40:40.428Z" },
    { url = "https://files.pythonhosted.org/packages/e8/e7/1955d28d1afc56dd4b3ad7cc0cf39df1b9852964cf16e5d13912756d6d6b/pydantic_core-2.46.4-cp314-cp314t-manylinux_2_17_aarch64.manylinux2014_aarch64.whl", hash = "sha256:29c61fc04a3d840155ff08e475a04809278972fe6aef51e2720554e96367e34b", size = 1974605, upload-time = "2026-05-06T13:37:32.029Z" },
    { url = "https://files.pythonhosted.org/packages/93/e2/3fedbf0ba7a22850e6e9fd78117f1c0f10f950182344d8a6c535d468fdd8/pydantic_core-2.46.4-cp314-cp314t-manylinux_2_17_armv7l.manylinux2014_armv7l.whl", hash = "sha256:c50f2528cf200c5eed56faf3f4e22fcd5f38c157a8b78576e6ba3168ec35f000", size = 2030777, upload-time = "2026-05-06T13:38:55.239Z" },
    { url = "https://files.pythonhosted.org/packages/f8/61/46be275fcaaba0b4f5b9669dd852267ce1ff616592dccf7a7845588df091/pydantic_core-2.46.4-cp314-cp314t-manylinux_2_17_ppc64le.manylinux2014_ppc64le.whl", hash = "sha256:0cbe8b01f948de4286c74cdd6c667aceb38f5c1e26f0693b3983d9d74887c65e", size = 2236641, upload-time = "2026-05-06T13:37:08.096Z" },
    { url = "https://files.pythonhosted.org/packages/60/db/12e93e46a8bac9988be3c016860f83293daea8c716c029c9ace279036f2f/pydantic_core-2.46.4-cp314-cp314t-manylinux_2_17_s390x.manylinux2014_s390x.whl", hash = "sha256:617d7e2ca7dcb8c5cf6bcb8c59b8832c94b36196bbf1cbd1bfb56ed341905edd", size = 2286404, upload-time = "2026-05-06T13:40:20.221Z" },
    { url = "https://files.pythonhosted.org/packages/e2/4a/4d8b19008f38d31c53b8219cfedc2e3d5de5fe99d90076b7e767de29274f/pydantic_core-2.46.4-cp314-cp314t-manylinux_2_17_x86_64.manylinux2014_x86_64.whl", hash = "sha256:7027560ee92211647d0d34e3f7cd6f50da56399d26a9c8ad0da286d3869a53f3", size = 2109219, upload-time = "2026-05-06T13:38:12.153Z" },
    { url = "https://files.pythonhosted.org/packages/88/70/3cbc40978fefb7bb09c6708d40d4ad1a5d70fd7213c3d17f971de868ec1f/pydantic_core-2.46.4-cp314-cp314t-manylinux_2_31_riscv64.whl", hash = "sha256:f99626688942fb746e545232e7726926f3be91b5975f8b55327665fafda991c7", size = 2110594, upload-time = "2026-05-06T13:40:02.971Z" },
    { url = "https://files.pythonhosted.org/packages/9d/20/b8d36736216e29491125531685b2f9e61aa5b4b2599893f8268551da3338/pydantic_core-2.46.4-cp314-cp314t-manylinux_2_5_i686.manylinux1_i686.whl", hash = "sha256:fc3e9034a63de20e15e8ade85358bc6efc614008cab72898b4b4952bea0509ff", size = 2159542, upload-time = "2026-05-06T13:39:27.506Z" },
    { url = "https://files.pythonhosted.org/packages/1d/a2/367df868eb584dacf6bf82a389272406d7178e301c4ac82545ab98bc2dd9/pydantic_core-2.46.4-cp314-cp314t-musllinux_1_1_aarch64.whl", hash = "sha256:97e7cf2be5c77b7d1a9713a05605d49460d02c6078d38d8bef3cbe323c548424", size = 2168146, upload-time = "2026-05-06T13:38:31.93Z" },
    { url = "https://files.pythonhosted.org/packages/c1/b8/4460f77f7e201893f649a29ab355dddd3beee8a97bcb1a320db414f9a06e/pydantic_core-2.46.4-cp314-cp314t-musllinux_1_1_armv7l.whl", hash = "sha256:3bf92c5d0e00fefaab325a4d27828fe6b6e2a21848686b5b60d2d9eeb09d76c6", size = 2306309, upload-time = "2026-05-06T13:37:44.717Z" },
    { url = "https://files.pythonhosted.org/packages/64/c4/be2639293acd87dc8ddbcec41a73cee9b2ebf996fe6d892a1a74e88ad3f7/pydantic_core-2.46.4-cp314-cp314t-musllinux_1_1_x86_64.whl", hash = "sha256:3ecbc122d18468d06ca279dc26a8c2e2d5acb10943bb35e36ae92096dc3b5565", size = 2369736, upload-time = "2026-05-06T13:37:05.645Z" },
    { url = "https://files.pythonhosted.org/packages/30/a6/9f9f380dbb301f67023bf8f707aaa75daadf84f7152d95c410fd7e81d994/pydantic_core-2.46.4-cp314-cp314t-win32.whl", hash = "sha256:e846ae7835bf0703ae43f534ab79a867146dadd59dc9ca5c8b53d5c8f7c9ef02", size = 1955575, upload-time = "2026-05-06T13:38:51.116Z" },
    { url = "https://files.pythonhosted.org/packages/40/1f/f1eb9eb350e795d1af8586289746f5c5677d16043040d63710e22abc43c9/pydantic_core-2.46.4-cp314-cp314t-win_amd64.whl", hash = "sha256:2108ba5c1c1eca18030634489dc544844144ee36357f2f9f780b93e7ddbb44b5", size = 2051624, upload-time = "2026-05-06T13:38:21.672Z" },
    { url = "https://files.pythonhosted.org/packages/f6/d2/42dd53d0a85c27606f316d3aa5d2869c4e8470a5ed6dec30e4a1abe19192/pydantic_core-2.46.4-cp314-cp314t-win_arm64.whl", hash = "sha256:4fcbe087dbc2068af7eda3aa87634eba216dbda64d1ae73c8684b621d33f6596", size = 2017325, upload-time = "2026-05-06T13:40:52.723Z" },
]

[[package]]
name = "ty"
version = "0.0.56"
source = { registry = "https://pypi.org/simple" }
sdist = { url = "https://files.pythonhosted.org/packages/55/07/fb29aea5235b0aa8ecfc4d1cc6ddf9fba8b863d67d96c6d345694d644c43/ty-0.0.56.tar.gz", hash = "sha256:84d114dc3796361c0fc72945016eabd74d46b9ee64f198cb0e485719704681e5", size = 6050123, upload-time = "2026-07-01T16:44:56.036Z" }
wheels = [
    { url = "https://files.pythonhosted.org/packages/dc/48/bce79e7ca5c1cc529d3e0d37ddd1121aea4b68a4f749974ad1cc77161871/ty-0.0.56-py3-none-linux_armv6l.whl", hash = "sha256:186d4a53e15747c947e1ec3d7eec8e345d8e40a1ca10e634c585db52497e87dd", size = 11643066, upload-time = "2026-07-01T16:44:18.374Z" },
    { url = "https://files.pythonhosted.org/packages/80/d1/22555d8a1d719661f10050f3865d877bbf497da908961c75fe22217dd18a/ty-0.0.56-py3-none-macosx_10_12_x86_64.whl", hash = "sha256:aae1a980fd9535da0469b7ba2b2e1b54a907743a5e0f442dd57eee9f5bfd034c", size = 11407487, upload-time = "2026-07-01T16:44:20.956Z" },
    { url = "https://files.pythonhosted.org/packages/cf/2d/b3b7a74ce8bc59ef48843ad80179bb0d9598bbd6cfc0d11d519bdf6b1352/ty-0.0.56-py3-none-macosx_11_0_arm64.whl", hash = "sha256:afd3058c0a6c5f241e814734f133008c93ee805f61c9cf4ce7412b8822b5d9ad", size = 10962270, upload-time = "2026-07-01T16:44:22.959Z" },
    { url = "https://files.pythonhosted.org/packages/64/ac/6c2fd7de0304a8a7218a756af74f7e62a5e8540fdb175e0a869e51042345/ty-0.0.56-py3-none-manylinux_2_17_aarch64.manylinux2014_aarch64.whl", hash = "sha256:058b52f7a823ac13aae3cae30809dd6b5145794b64d8478f9ef38c75d79b4483", size = 11471406, upload-time = "2026-07-01T16:44:25.327Z" },
    { url = "https://files.pythonhosted.org/packages/50/b6/11d861156861c03c7726b74558f9a0e0092661aff83a4fda1279df28c425/ty-0.0.56-py3-none-manylinux_2_17_armv7l.manylinux2014_armv7l.whl", hash = "sha256:2c66e00c1522add1f2bbdd2e45828c953b35c306b7bef03ec9169c75a63699a0", size = 11445612, upload-time = "2026-07-01T16:44:27.531Z" },
    { url = "https://files.pythonhosted.org/packages/fb/ba/09df108582090f3c0770ec4bc8675affed60248f6793a78d909be16211d9/ty-0.0.56-py3-none-manylinux_2_17_i686.manylinux2014_i686.whl", hash = "sha256:40903d71c669a30691b5a5d5728056c7877a1bd6be4f233a38883a8b28cf34d7", size = 12093889, upload-time = "2026-07-01T16:44:29.548Z" },
    { url = "https://files.pythonhosted.org/packages/d7/f7/dbb4b4ccb69cd64c209ae55b1ab788ace8222c2bc1f6845be9e7cbedbf25/ty-0.0.56-py3-none-manylinux_2_17_ppc64le.manylinux2014_ppc64le.whl", hash = "sha256:63fe3947fe0c46c69a7d950e6832ee70a9ec17321fefbff3d2e3c20baf9e5bd0", size = 12666337, upload-time = "2026-07-01T16:44:31.586Z" },
    { url = "https://files.pythonhosted.org/packages/86/e9/73f903fe4a3d9ea02f26f57c1eb07e3b1029ec92b0e8c2364718893440e3/ty-0.0.56-py3-none-manylinux_2_17_s390x.manylinux2014_s390x.whl", hash = "sha256:71a0c1a72f9854532e710e119b6871ffe4542c8a65146f1f65dcd78fecd885b4", size = 12280247, upload-time = "2026-07-01T16:44:33.637Z" },
    { url = "https://files.pythonhosted.org/packages/d6/90/cebd222495832f1a00dcd321ba25f3cab804221a4991b992c2178bec68ee/ty-0.0.56-py3-none-manylinux_2_17_x86_64.manylinux2014_x86_64.whl", hash = "sha256:70d1665596494e24d8ebd198438872b5a56ec3cae5f2bcf6c673be797acc4e3c", size = 11991107, upload-time = "2026-07-01T16:44:36.122Z" },
    { url = "https://files.pythonhosted.org/packages/b7/07/8f7337a07250f42d975cdb6decf47fc5b421e6c7da5e3e7be1e85f63a7e5/ty-0.0.56-py3-none-manylinux_2_31_riscv64.whl", hash = "sha256:778f99e51558afc1dbbe48ee38ab6aae7b31390ed8c1a1ef1499b295e9f1e82f", size = 12298970, upload-time = "2026-07-01T16:44:38.243Z" },
    { url = "https://files.pythonhosted.org/packages/3c/b9/a52cd59034a48f5f18c6b155cc2cc36861d874b6d0af204b12c898024c3d/ty-0.0.56-py3-none-musllinux_1_2_aarch64.whl", hash = "sha256:867bc5708e0066bb4ff6c7db524bd5deea2676c62bfe71d3303138b3be850af0", size = 11425683, upload-time = "2026-07-01T16:44:40.473Z" },
    { url = "https://files.pythonhosted.org/packages/1d/2e/48e42d33357d52eefb695c0c3fcfc96879b73668a7447d1d1e0ad774fedc/ty-0.0.56-py3-none-musllinux_1_2_armv7l.whl", hash = "sha256:a6012f4189c928edb330a37deb9930f982380bd4aa7c4b8e0428eec9651c7551", size = 11469258, upload-time = "2026-07-01T16:44:42.513Z" },
    { url = "https://files.pythonhosted.org/packages/d5/01/ad1b4138be1e3fa97863af3925aa2134f17a593240c35dc38c3429fb5ad1/ty-0.0.56-py3-none-musllinux_1_2_i686.whl", hash = "sha256:8ee83de1a7ff4cc32837ec06134ce391d441bc5b35ecd8d3cfe053f120f3e4c1", size = 11758736, upload-time = "2026-07-01T16:44:44.567Z" },
    { url = "https://files.pythonhosted.org/packages/09/34/9d81967ff240eaa57e9249728ef7b7790747cf6d3c9a98ec86b2cfdcc8ee/ty-0.0.56-py3-none-musllinux_1_2_x86_64.whl", hash = "sha256:62619b3b0e2c6248ef30d3f0e2f2217ae9893040585be07f32324242f197cd6f", size = 12100242, upload-time = "2026-07-01T16:44:46.584Z" },
    { url = "https://files.pythonhosted.org/packages/c3/36/f51d4666d2de6cf33c1f3a1fcc4bb6b70b197dd6ceaa491eef71d78fe8e8/ty-0.0.56-py3-none-win32.whl", hash = "sha256:b30687bb5cd9729d34c889a289edf32770388d9bb05243e534e723fb45e0381b", size = 11093759, upload-time = "2026-07-01T16:44:49.171Z" },
    { url = "https://files.pythonhosted.org/packages/5e/b4/8fb5d4acfa4afb152245b20fa263069a7547bd1f8e4bfca4eda280c897d7/ty-0.0.56-py3-none-win_amd64.whl", hash = "sha256:ad4c8c47b6f4e3f9ed3fc0b1a5d650088d229e17dd8f63c1826d6bbe94cc3235", size = 12100327, upload-time = "2026-07-01T16:44:51.26Z" },
    { url = "https://files.pythonhosted.org/packages/b8/fc/6a183e71edde90d0c35c2303f23f7a45b6891d1a2c45daf7b8f869831e19/ty-0.0.56-py3-none-win_arm64.whl", hash = "sha256:57538f273d444a5f1293fa7860e967178afe3917611fc5eff16b64e1204fe0d6", size = 11538780, upload-time = "2026-07-01T16:44:53.8Z" },
]

[[package]]
name = "typing-extensions"
version = "4.15.0"
source = { registry = "https://pypi.org/simple" }
sdist = { url = "https://files.pythonhosted.org/packages/72/94/1a15dd82efb362ac84269196e94cf00f187f7ed21c242792a923cdb1c61f/typing_extensions-4.15.0.tar.gz", hash = "sha256:0cea48d173cc12fa28ecabc3b837ea3cf6f38c6d1136f85cbaaf598984861466", size = 109391, upload-time = "2025-08-25T13:49:26.313Z" }
wheels = [
    { url = "https://files.pythonhosted.org/packages/18/67/36e9267722cc04a6b9f15c7f3441c2363321a3ea07da7ae0c0707beb2a9c/typing_extensions-4.15.0-py3-none-any.whl", hash = "sha256:f0fa19c6845758ab08074a0cfa8b7aecb71c999ca73d62883bc25cc018c4e548", size = 44614, upload-time = "2025-08-25T13:49:24.86Z" },
]

[[package]]
name = "typing-inspection"
version = "0.4.2"
source = { registry = "https://pypi.org/simple" }
dependencies = [
    { name = "typing-extensions" },
]
sdist = { url = "https://files.pythonhosted.org/packages/55/e3/70399cb7dd41c10ac53367ae42139cf4b1ca5f36bb3dc6c9d33acdb43655/typing_inspection-0.4.2.tar.gz", hash = "sha256:ba561c48a67c5958007083d386c3295464928b01faa735ab8547c5692e87f464", size = 75949, upload-time = "2025-10-01T02:14:41.687Z" }
wheels = [
    { url = "https://files.pythonhosted.org/packages/dc/9b/47798a6c91d8bdb567fe2698fe81e0c6b7cb7ef4d13da4114b41d239f65d/typing_inspection-0.4.2-py3-none-any.whl", hash = "sha256:4ed1cacbdc298c220f1bd249ed5287caa16f34d44ef4e9c3d0cbad5b521545e7", size = 14611, upload-time = "2025-10-01T02:14:40.154Z" },
]

[[package]]
name = "win32-setctime"
version = "1.2.0"
source = { registry = "https://pypi.org/simple" }
sdist = { url = "https://files.pythonhosted.org/packages/b3/8f/705086c9d734d3b663af0e9bb3d4de6578d08f46b1b101c2442fd9aecaa2/win32_setctime-1.2.0.tar.gz", hash = "sha256:ae1fdf948f5640aae05c511ade119313fb6a30d7eabe25fef9764dca5873c4c0", size = 4867, upload-time = "2024-12-07T15:28:28.314Z" }
wheels = [
    { url = "https://files.pythonhosted.org/packages/e1/07/c6fe3ad3e685340704d314d765b7912993bcb8dc198f0e7a89382d37974b/win32_setctime-1.2.0-py3-none-any.whl", hash = "sha256:95d644c4e708aba81dc3704a116d8cbc974d70b3bdb8be1d150e36be6e9d1390", size = 4083, upload-time = "2024-12-07T15:28:26.465Z" },
]
